
Microsoft Visual Studio Solution File, Format Version 12.00
# Visual Studio 15
Project("{FAE04EC0-301F-11D3-BF4B-00C04F79EFBC}") = "MerryYellow.CodeAssist.Editor", "MerryYellow.CodeAssist.Editor.csproj", "{F5A9A2DA-19E8-2A92-D9C5-79033EBEBED6}"
EndProject
Project("{FAE04EC0-301F-11D3-BF4B-00C04F79EFBC}") = "Assembly-CSharp", "Assembly-CSharp.csproj", "{6FA68FEF-0DE5-55D0-5128-B9A95F4F0B08}"
EndProject
Project("{FAE04EC0-301F-11D3-BF4B-00C04F79EFBC}") = "Assembly-CSharp-Editor", "Assembly-CSharp-Editor.csproj", "{57443A52-4A1E-1CEF-DB73-7366D5027B4B}"
EndProject
Global
	GlobalSection(SolutionConfigurationPlatforms) = preSolution
		Debug|Any CPU = Debug|Any CPU
		Release|Any CPU = Release|Any CPU
	EndGlobalSection
	GlobalSection(ProjectConfigurationPlatforms) = postSolution
		{F5A9A2DA-19E8-2A92-D9C5-79033EBEBED6}.Debug|Any CPU.ActiveCfg = Debug|Any CPU
		{F5A9A2DA-19E8-2A92-D9C5-79033EBEBED6}.Debug|Any CPU.Build.0 = Debug|Any CPU
		{F5A9A2DA-19E8-2A92-D9C5-79033EBEBED6}.Release|Any CPU.ActiveCfg = Release|Any CPU
		{F5A9A2DA-19E8-2A92-D9C5-79033EBEBED6}.Release|Any CPU.Build.0 = Release|Any CPU
		{6FA68FEF-0DE5-55D0-5128-B9A95F4F0B08}.Debug|Any CPU.ActiveCfg = Debug|Any CPU
		{6FA68FEF-0DE5-55D0-5128-B9A95F4F0B08}.Debug|Any CPU.Build.0 = Debug|Any CPU
		{6FA68FEF-0DE5-55D0-5128-B9A95F4F0B08}.Release|Any CPU.ActiveCfg = Release|Any CPU
		{6FA68FEF-0DE5-55D0-5128-B9A95F4F0B08}.Release|Any CPU.Build.0 = Release|Any CPU
		{57443A52-4A1E-1CEF-DB73-7366D5027B4B}.Debug|Any CPU.ActiveCfg = Debug|Any CPU
		{57443A52-4A1E-1CEF-DB73-7366D5027B4B}.Debug|Any CPU.Build.0 = Debug|Any CPU
		{57443A52-4A1E-1CEF-DB73-7366D5027B4B}.Release|Any CPU.ActiveCfg = Release|Any CPU
		{57443A52-4A1E-1CEF-DB73-7366D5027B4B}.Release|Any CPU.Build.0 = Release|Any CPU
	EndGlobalSection
	GlobalSection(SolutionProperties) = preSolution
		HideSolutionNode = FALSE
	EndGlobalSection
EndGlobal
